
Microsoft Visual Studio Solution File, Format Version 12.00
# Visual Studio Version 17
VisualStudioVersion = 17.3.32901.215
MinimumVisualStudioVersion = 10.0.40219.1
Project("{FAE04EC0-301F-11D3-BF4B-00C04F79EFBC}") = "clubMemberIndexer", "clubMemberIndexer\clubMemberIndexer.csproj", "{1C880E1B-7456-49B8-940E-31BFB0994170}"
EndProject
Global
	GlobalSection(SolutionConfigurationPlatforms) = preSolution
		Debug|Any CPU = Debug|Any CPU
		Release|Any CPU = Release|Any CPU
	EndGlobalSection
	GlobalSection(ProjectConfigurationPlatforms) = postSolution
		{1C880E1B-7456-49B8-940E-31BFB0994170}.Debug|Any CPU.ActiveCfg = Debug|Any CPU
		{1C880E1B-7456-49B8-940E-31BFB0994170}.Debug|Any CPU.Build.0 = Debug|Any CPU
		{1C880E1B-7456-49B8-940E-31BFB0994170}.Release|Any CPU.ActiveCfg = Release|Any CPU
		{1C880E1B-7456-49B8-940E-31BFB0994170}.Release|Any CPU.Build.0 = Release|Any CPU
	EndGlobalSection
	GlobalSection(SolutionProperties) = preSolution
		HideSolutionNode = FALSE
	EndGlobalSection
	GlobalSection(ExtensibilityGlobals) = postSolution
		SolutionGuid = {F4266697-9AD6-4E32-9D3B-E4CE3B546493}
	EndGlobalSection
EndGlobal
